
Microsoft Visual Studio Solution File, Format Version 12.00
# Visual Studio Version 17
VisualStudioVersion = 17.0.31423.177
MinimumVisualStudioVersion = 10.0.40219.1
Project("{9A19103F-16F7-4668-BE54-9A1E7A4F7556}") = "MuffiNet.FrontendReact", "src\MuffiNet.FrontendReact\MuffiNet.FrontendReact.csproj", "{B43AE794-A202-4276-8D69-A2A969FEE523}"
EndProject
Project("{9A19103F-16F7-4668-BE54-9A1E7A4F7556}") = "MuffiNet.FrontendReact.Tests", "tests\MuffiNet.FrontendReact.Test\MuffiNet.FrontendReact.Tests.csproj", "{15066F15-59C8-4708-AA56-061EE9294780}"
EndProject
Project("{2150E333-8FDC-42A3-9474-1A3956D46DE8}") = "Solutions Items", "Solutions Items", "{B7E6E4AA-435A-490D-83E7-3BDD83089EAB}"
	ProjectSection(SolutionItems) = preProject
		care1-vci.pfx = care1-vci.pfx
	EndProjectSection
EndProject
Project("{FAE04EC0-301F-11D3-BF4B-00C04F79EFBC}") = "MuffiNet.FrontendReact.Selenium.Tests", "tests\MuffiNet.FrontendReact.Selenium.Tests\MuffiNet.FrontendReact.Selenium.Tests.csproj", "{0F23A7E8-0BDF-4543-A06F-EBD92ED439FE}"
EndProject
Global
	GlobalSection(SolutionConfigurationPlatforms) = preSolution
		Debug|Any CPU = Debug|Any CPU
		Release|Any CPU = Release|Any CPU
	EndGlobalSection
	GlobalSection(ProjectConfigurationPlatforms) = postSolution
		{B43AE794-A202-4276-8D69-A2A969FEE523}.Debug|Any CPU.ActiveCfg = Debug|Any CPU
		{B43AE794-A202-4276-8D69-A2A969FEE523}.Debug|Any CPU.Build.0 = Debug|Any CPU
		{B43AE794-A202-4276-8D69-A2A969FEE523}.Release|Any CPU.ActiveCfg = Release|Any CPU
		{B43AE794-A202-4276-8D69-A2A969FEE523}.Release|Any CPU.Build.0 = Release|Any CPU
		{15066F15-59C8-4708-AA56-061EE9294780}.Debug|Any CPU.ActiveCfg = Debug|Any CPU
		{15066F15-59C8-4708-AA56-061EE9294780}.Debug|Any CPU.Build.0 = Debug|Any CPU
		{15066F15-59C8-4708-AA56-061EE9294780}.Release|Any CPU.ActiveCfg = Release|Any CPU
		{15066F15-59C8-4708-AA56-061EE9294780}.Release|Any CPU.Build.0 = Release|Any CPU
		{0F23A7E8-0BDF-4543-A06F-EBD92ED439FE}.Debug|Any CPU.ActiveCfg = Debug|Any CPU
		{0F23A7E8-0BDF-4543-A06F-EBD92ED439FE}.Debug|Any CPU.Build.0 = Debug|Any CPU
		{0F23A7E8-0BDF-4543-A06F-EBD92ED439FE}.Release|Any CPU.ActiveCfg = Release|Any CPU
		{0F23A7E8-0BDF-4543-A06F-EBD92ED439FE}.Release|Any CPU.Build.0 = Release|Any CPU
	EndGlobalSection
	GlobalSection(SolutionProperties) = preSolution
		HideSolutionNode = FALSE
	EndGlobalSection
	GlobalSection(ExtensibilityGlobals) = postSolution
		SolutionGuid = {AC61DEE4-E637-4588-AC38-790199F05131}
	EndGlobalSection
EndGlobal
