
Microsoft Visual Studio Solution File, Format Version 12.00
# Visual Studio Version 17
VisualStudioVersion = 17.0.31423.177
MinimumVisualStudioVersion = 10.0.40219.1
Project("{9A19103F-16F7-4668-BE54-9A1E7A4F7556}") = "Api.WithReact", "src\Api.WithReact\Api.WithReact.csproj", "{B43AE794-A202-4276-8D69-A2A969FEE523}"
EndProject
Project("{9A19103F-16F7-4668-BE54-9A1E7A4F7556}") = "Api.WithReact.Tests", "tests\Api.WithReact.Tests\Api.WithReact.Tests.csproj", "{15066F15-59C8-4708-AA56-061EE9294780}"
EndProject
Project("{2150E333-8FDC-42A3-9474-1A3956D46DE8}") = "Solutions Items", "Solutions Items", "{B7E6E4AA-435A-490D-83E7-3BDD83089EAB}"
	ProjectSection(SolutionItems) = preProject
		.github\workflows\auto-merge-dependabot.yml = .github\workflows\auto-merge-dependabot.yml
		.github\workflows\ci.yml = .github\workflows\ci.yml
		.github\dependabot.yml = .github\dependabot.yml
		global.json = global.json
		muffinet.pfx = muffinet.pfx
		README.md = README.md
	EndProjectSection
EndProject
Project("{9A19103F-16F7-4668-BE54-9A1E7A4F7556}") = "EndToEnd.Tests", "tests\EndToEnd.Tests\EndToEnd.Tests.csproj", "{0F23A7E8-0BDF-4543-A06F-EBD92ED439FE}"
EndProject
Project("{9A19103F-16F7-4668-BE54-9A1E7A4F7556}") = "Domain", "src\DomainModel\Domain.csproj", "{FA86EB79-9508-40FF-AF85-9FF9FB30F8B3}"
EndProject
Project("{9A19103F-16F7-4668-BE54-9A1E7A4F7556}") = "DomainModel.Tests", "tests\DomainModel.Tests\DomainModel.Tests.csproj", "{8E153A9A-42A8-4CC0-A320-4F6334068A8D}"
EndProject
Project("{9A19103F-16F7-4668-BE54-9A1E7A4F7556}") = "Test.Shared", "tests\Test.Shared\Test.Shared.csproj", "{2DBB65C5-5458-4991-954A-8C33A667F3E9}"
EndProject
Project("{2150E333-8FDC-42A3-9474-1A3956D46DE8}") = "Tests", "Tests", "{854E07AA-80CE-46F9-8DE5-44C650E8F4DE}"
EndProject
Project("{9A19103F-16F7-4668-BE54-9A1E7A4F7556}") = "Api.Standalone", "src\Api.Standalone\Api.Standalone.csproj", "{DE367751-3BE0-49E5-8302-F4B0630D85F9}"
EndProject
Project("{9A19103F-16F7-4668-BE54-9A1E7A4F7556}") = "Api.Shared", "src\Api.Shared\Api.Shared.csproj", "{F563D607-5A83-4272-842F-16347B04CA18}"
EndProject
Project("{9A19103F-16F7-4668-BE54-9A1E7A4F7556}") = "Domain.Shared", "src\DomainModel.Shared\Domain.Shared.csproj", "{F9E8EA8E-5484-4D73-BA85-7C590A962509}"
EndProject
Project("{9A19103F-16F7-4668-BE54-9A1E7A4F7556}") = "Infrastructure", "src\Infrastructure\Infrastructure.csproj", "{3CEFE9B4-24B0-46BF-BA30-0D870651DB9A}"
EndProject
Project("{9A19103F-16F7-4668-BE54-9A1E7A4F7556}") = "Presentation", "src\Presentation\Presentation.csproj", "{2E7937E0-F391-4FA1-B3FA-65468496E73A}"
EndProject
Global
	GlobalSection(SolutionConfigurationPlatforms) = preSolution
		Debug|Any CPU = Debug|Any CPU
		Release|Any CPU = Release|Any CPU
	EndGlobalSection
	GlobalSection(ProjectConfigurationPlatforms) = postSolution
		{B43AE794-A202-4276-8D69-A2A969FEE523}.Debug|Any CPU.ActiveCfg = Debug|Any CPU
		{B43AE794-A202-4276-8D69-A2A969FEE523}.Debug|Any CPU.Build.0 = Debug|Any CPU
		{B43AE794-A202-4276-8D69-A2A969FEE523}.Release|Any CPU.ActiveCfg = Release|Any CPU
		{B43AE794-A202-4276-8D69-A2A969FEE523}.Release|Any CPU.Build.0 = Release|Any CPU
		{15066F15-59C8-4708-AA56-061EE9294780}.Debug|Any CPU.ActiveCfg = Debug|Any CPU
		{15066F15-59C8-4708-AA56-061EE9294780}.Debug|Any CPU.Build.0 = Debug|Any CPU
		{15066F15-59C8-4708-AA56-061EE9294780}.Release|Any CPU.ActiveCfg = Release|Any CPU
		{15066F15-59C8-4708-AA56-061EE9294780}.Release|Any CPU.Build.0 = Release|Any CPU
		{0F23A7E8-0BDF-4543-A06F-EBD92ED439FE}.Debug|Any CPU.ActiveCfg = Debug|Any CPU
		{0F23A7E8-0BDF-4543-A06F-EBD92ED439FE}.Debug|Any CPU.Build.0 = Debug|Any CPU
		{0F23A7E8-0BDF-4543-A06F-EBD92ED439FE}.Release|Any CPU.ActiveCfg = Release|Any CPU
		{0F23A7E8-0BDF-4543-A06F-EBD92ED439FE}.Release|Any CPU.Build.0 = Release|Any CPU
		{FA86EB79-9508-40FF-AF85-9FF9FB30F8B3}.Debug|Any CPU.ActiveCfg = Debug|Any CPU
		{FA86EB79-9508-40FF-AF85-9FF9FB30F8B3}.Debug|Any CPU.Build.0 = Debug|Any CPU
		{FA86EB79-9508-40FF-AF85-9FF9FB30F8B3}.Release|Any CPU.ActiveCfg = Release|Any CPU
		{FA86EB79-9508-40FF-AF85-9FF9FB30F8B3}.Release|Any CPU.Build.0 = Release|Any CPU
		{8E153A9A-42A8-4CC0-A320-4F6334068A8D}.Debug|Any CPU.ActiveCfg = Debug|Any CPU
		{8E153A9A-42A8-4CC0-A320-4F6334068A8D}.Debug|Any CPU.Build.0 = Debug|Any CPU
		{8E153A9A-42A8-4CC0-A320-4F6334068A8D}.Release|Any CPU.ActiveCfg = Release|Any CPU
		{8E153A9A-42A8-4CC0-A320-4F6334068A8D}.Release|Any CPU.Build.0 = Release|Any CPU
		{2DBB65C5-5458-4991-954A-8C33A667F3E9}.Debug|Any CPU.ActiveCfg = Debug|Any CPU
		{2DBB65C5-5458-4991-954A-8C33A667F3E9}.Debug|Any CPU.Build.0 = Debug|Any CPU
		{2DBB65C5-5458-4991-954A-8C33A667F3E9}.Release|Any CPU.ActiveCfg = Release|Any CPU
		{2DBB65C5-5458-4991-954A-8C33A667F3E9}.Release|Any CPU.Build.0 = Release|Any CPU
		{DE367751-3BE0-49E5-8302-F4B0630D85F9}.Debug|Any CPU.ActiveCfg = Debug|Any CPU
		{DE367751-3BE0-49E5-8302-F4B0630D85F9}.Debug|Any CPU.Build.0 = Debug|Any CPU
		{DE367751-3BE0-49E5-8302-F4B0630D85F9}.Release|Any CPU.ActiveCfg = Release|Any CPU
		{DE367751-3BE0-49E5-8302-F4B0630D85F9}.Release|Any CPU.Build.0 = Release|Any CPU
		{F563D607-5A83-4272-842F-16347B04CA18}.Debug|Any CPU.ActiveCfg = Debug|Any CPU
		{F563D607-5A83-4272-842F-16347B04CA18}.Debug|Any CPU.Build.0 = Debug|Any CPU
		{F563D607-5A83-4272-842F-16347B04CA18}.Release|Any CPU.ActiveCfg = Release|Any CPU
		{F563D607-5A83-4272-842F-16347B04CA18}.Release|Any CPU.Build.0 = Release|Any CPU
		{F9E8EA8E-5484-4D73-BA85-7C590A962509}.Debug|Any CPU.ActiveCfg = Debug|Any CPU
		{F9E8EA8E-5484-4D73-BA85-7C590A962509}.Debug|Any CPU.Build.0 = Debug|Any CPU
		{F9E8EA8E-5484-4D73-BA85-7C590A962509}.Release|Any CPU.ActiveCfg = Release|Any CPU
		{F9E8EA8E-5484-4D73-BA85-7C590A962509}.Release|Any CPU.Build.0 = Release|Any CPU
		{3CEFE9B4-24B0-46BF-BA30-0D870651DB9A}.Debug|Any CPU.ActiveCfg = Debug|Any CPU
		{3CEFE9B4-24B0-46BF-BA30-0D870651DB9A}.Debug|Any CPU.Build.0 = Debug|Any CPU
		{3CEFE9B4-24B0-46BF-BA30-0D870651DB9A}.Release|Any CPU.ActiveCfg = Release|Any CPU
		{3CEFE9B4-24B0-46BF-BA30-0D870651DB9A}.Release|Any CPU.Build.0 = Release|Any CPU
		{2E7937E0-F391-4FA1-B3FA-65468496E73A}.Debug|Any CPU.ActiveCfg = Debug|Any CPU
		{2E7937E0-F391-4FA1-B3FA-65468496E73A}.Debug|Any CPU.Build.0 = Debug|Any CPU
		{2E7937E0-F391-4FA1-B3FA-65468496E73A}.Release|Any CPU.ActiveCfg = Release|Any CPU
		{2E7937E0-F391-4FA1-B3FA-65468496E73A}.Release|Any CPU.Build.0 = Release|Any CPU
	EndGlobalSection
	GlobalSection(SolutionProperties) = preSolution
		HideSolutionNode = FALSE
	EndGlobalSection
	GlobalSection(NestedProjects) = preSolution
		{15066F15-59C8-4708-AA56-061EE9294780} = {854E07AA-80CE-46F9-8DE5-44C650E8F4DE}
		{0F23A7E8-0BDF-4543-A06F-EBD92ED439FE} = {854E07AA-80CE-46F9-8DE5-44C650E8F4DE}
		{8E153A9A-42A8-4CC0-A320-4F6334068A8D} = {854E07AA-80CE-46F9-8DE5-44C650E8F4DE}
		{2DBB65C5-5458-4991-954A-8C33A667F3E9} = {854E07AA-80CE-46F9-8DE5-44C650E8F4DE}
	EndGlobalSection
	GlobalSection(ExtensibilityGlobals) = postSolution
		SolutionGuid = {AC61DEE4-E637-4588-AC38-790199F05131}
	EndGlobalSection
EndGlobal
